
Microsoft Visual Studio Solution File, Format Version 12.00
# Visual Studio 15
VisualStudioVersion = 15.0.28010.2046
MinimumVisualStudioVersion = 10.0.40219.1
Project("{9A19103F-16F7-4668-BE54-9A1E7A4F7556}") = "AcademyBackend", "AcademyBackend\AcademyBackend.csproj", "{9466C3DA-82FF-420D-85EE-875B537D1821}"
EndProject
Project("{FAE04EC0-301F-11D3-BF4B-00C04F79EFBC}") = "UnitTests", "UnitTests\UnitTests.csproj", "{BA2CD581-1CD6-49BC-973F-D42532CE5C4A}"
EndProject
Global
	GlobalSection(SolutionConfigurationPlatforms) = preSolution
		Debug|Any CPU = Debug|Any CPU
		Release|Any CPU = Release|Any CPU
	EndGlobalSection
	GlobalSection(ProjectConfigurationPlatforms) = postSolution
		{9466C3DA-82FF-420D-85EE-875B537D1821}.Debug|Any CPU.ActiveCfg = Debug|Any CPU
		{9466C3DA-82FF-420D-85EE-875B537D1821}.Debug|Any CPU.Build.0 = Debug|Any CPU
		{9466C3DA-82FF-420D-85EE-875B537D1821}.Release|Any CPU.ActiveCfg = Release|Any CPU
		{9466C3DA-82FF-420D-85EE-875B537D1821}.Release|Any CPU.Build.0 = Release|Any CPU
		{BA2CD581-1CD6-49BC-973F-D42532CE5C4A}.Debug|Any CPU.ActiveCfg = Debug|Any CPU
		{BA2CD581-1CD6-49BC-973F-D42532CE5C4A}.Debug|Any CPU.Build.0 = Debug|Any CPU
		{BA2CD581-1CD6-49BC-973F-D42532CE5C4A}.Release|Any CPU.ActiveCfg = Release|Any CPU
		{BA2CD581-1CD6-49BC-973F-D42532CE5C4A}.Release|Any CPU.Build.0 = Release|Any CPU
	EndGlobalSection
	GlobalSection(SolutionProperties) = preSolution
		HideSolutionNode = FALSE
	EndGlobalSection
	GlobalSection(ExtensibilityGlobals) = postSolution
		SolutionGuid = {D9CC9C3B-8E42-49FD-9AFF-C6F828504D45}
	EndGlobalSection
EndGlobal
